
Microsoft Visual Studio Solution File, Format Version 12.00
# Visual Studio 15
VisualStudioVersion = 15.0.26124.0
MinimumVisualStudioVersion = 15.0.26124.0
Project("{2150E333-8FDC-42A3-9474-1A3956D46DE8}") = "src", "src", "{75735C46-3FFB-4513-9BC3-B3DA322D843E}"
EndProject
Project("{FAE04EC0-301F-11D3-BF4B-00C04F79EFBC}") = "DasMulli.AssemblyInfoGeneration.Sdk", "src\DasMulli.AssemblyInfoGeneration.Sdk\DasMulli.AssemblyInfoGeneration.Sdk.csproj", "{3E1528A7-AE03-44B2-BF66-5F6BEFA40470}"
EndProject
Project("{2150E333-8FDC-42A3-9474-1A3956D46DE8}") = "test", "test", "{3C06161B-70B8-4208-A0C4-DB571988C07B}"
EndProject
Project("{FAE04EC0-301F-11D3-BF4B-00C04F79EFBC}") = "DasMulli.AssemblyInfoGeneration.Tests", "test\DasMulli.AssemblyInfoGeneration.Tests\DasMulli.AssemblyInfoGeneration.Tests.csproj", "{83A69EA4-9C2C-45B2-98AD-2A93180CEAA7}"
EndProject
Global
	GlobalSection(SolutionConfigurationPlatforms) = preSolution
		Debug|Any CPU = Debug|Any CPU
		Debug|x64 = Debug|x64
		Debug|x86 = Debug|x86
		Release|Any CPU = Release|Any CPU
		Release|x64 = Release|x64
		Release|x86 = Release|x86
	EndGlobalSection
	GlobalSection(SolutionProperties) = preSolution
		HideSolutionNode = FALSE
	EndGlobalSection
	GlobalSection(ProjectConfigurationPlatforms) = postSolution
		{3E1528A7-AE03-44B2-BF66-5F6BEFA40470}.Debug|Any CPU.ActiveCfg = Debug|Any CPU
		{3E1528A7-AE03-44B2-BF66-5F6BEFA40470}.Debug|Any CPU.Build.0 = Debug|Any CPU
		{3E1528A7-AE03-44B2-BF66-5F6BEFA40470}.Debug|x64.ActiveCfg = Debug|Any CPU
		{3E1528A7-AE03-44B2-BF66-5F6BEFA40470}.Debug|x64.Build.0 = Debug|Any CPU
		{3E1528A7-AE03-44B2-BF66-5F6BEFA40470}.Debug|x86.ActiveCfg = Debug|Any CPU
		{3E1528A7-AE03-44B2-BF66-5F6BEFA40470}.Debug|x86.Build.0 = Debug|Any CPU
		{3E1528A7-AE03-44B2-BF66-5F6BEFA40470}.Release|Any CPU.ActiveCfg = Release|Any CPU
		{3E1528A7-AE03-44B2-BF66-5F6BEFA40470}.Release|Any CPU.Build.0 = Release|Any CPU
		{3E1528A7-AE03-44B2-BF66-5F6BEFA40470}.Release|x64.ActiveCfg = Release|Any CPU
		{3E1528A7-AE03-44B2-BF66-5F6BEFA40470}.Release|x64.Build.0 = Release|Any CPU
		{3E1528A7-AE03-44B2-BF66-5F6BEFA40470}.Release|x86.ActiveCfg = Release|Any CPU
		{3E1528A7-AE03-44B2-BF66-5F6BEFA40470}.Release|x86.Build.0 = Release|Any CPU
		{83A69EA4-9C2C-45B2-98AD-2A93180CEAA7}.Debug|Any CPU.ActiveCfg = Debug|Any CPU
		{83A69EA4-9C2C-45B2-98AD-2A93180CEAA7}.Debug|Any CPU.Build.0 = Debug|Any CPU
		{83A69EA4-9C2C-45B2-98AD-2A93180CEAA7}.Debug|x64.ActiveCfg = Debug|Any CPU
		{83A69EA4-9C2C-45B2-98AD-2A93180CEAA7}.Debug|x64.Build.0 = Debug|Any CPU
		{83A69EA4-9C2C-45B2-98AD-2A93180CEAA7}.Debug|x86.ActiveCfg = Debug|Any CPU
		{83A69EA4-9C2C-45B2-98AD-2A93180CEAA7}.Debug|x86.Build.0 = Debug|Any CPU
		{83A69EA4-9C2C-45B2-98AD-2A93180CEAA7}.Release|Any CPU.ActiveCfg = Release|Any CPU
		{83A69EA4-9C2C-45B2-98AD-2A93180CEAA7}.Release|Any CPU.Build.0 = Release|Any CPU
		{83A69EA4-9C2C-45B2-98AD-2A93180CEAA7}.Release|x64.ActiveCfg = Release|Any CPU
		{83A69EA4-9C2C-45B2-98AD-2A93180CEAA7}.Release|x64.Build.0 = Release|Any CPU
		{83A69EA4-9C2C-45B2-98AD-2A93180CEAA7}.Release|x86.ActiveCfg = Release|Any CPU
		{83A69EA4-9C2C-45B2-98AD-2A93180CEAA7}.Release|x86.Build.0 = Release|Any CPU
	EndGlobalSection
	GlobalSection(NestedProjects) = preSolution
		{3E1528A7-AE03-44B2-BF66-5F6BEFA40470} = {75735C46-3FFB-4513-9BC3-B3DA322D843E}
		{83A69EA4-9C2C-45B2-98AD-2A93180CEAA7} = {3C06161B-70B8-4208-A0C4-DB571988C07B}
	EndGlobalSection
EndGlobal
